
Microsoft Visual Studio Solution File, Format Version 12.00
# Visual Studio 2012
Project("{FAE04EC0-301F-11D3-BF4B-00C04F79EFBC}") = "CopySelectedReferences", "applications\CopySelectedReferences\CopySelectedReferences.csproj", "{F7C576B1-CD10-471D-A61A-A83AAE5C42DA}"
EndProject
Project("{FAE04EC0-301F-11D3-BF4B-00C04F79EFBC}") = "BuildSupport", "libraries\BuildSupport\BuildSupport.csproj", "{BF6E4FEE-67E4-4E9E-B8C0-CF06A4323CB9}"
EndProject
Global
	GlobalSection(TestCaseManagementSettings) = postSolution
		CategoryFile = Metaheuristics.vsmdi
	EndGlobalSection
	GlobalSection(SolutionConfigurationPlatforms) = preSolution
		Debug|Any CPU = Debug|Any CPU
		Debug|x86 = Debug|x86
		Release|Any CPU = Release|Any CPU
		Release|x86 = Release|x86
	EndGlobalSection
	GlobalSection(ProjectConfigurationPlatforms) = postSolution
		{F7C576B1-CD10-471D-A61A-A83AAE5C42DA}.Debug|Any CPU.ActiveCfg = Debug|Any CPU
		{F7C576B1-CD10-471D-A61A-A83AAE5C42DA}.Debug|Any CPU.Build.0 = Debug|Any CPU
		{F7C576B1-CD10-471D-A61A-A83AAE5C42DA}.Debug|x86.ActiveCfg = Debug|x86
		{F7C576B1-CD10-471D-A61A-A83AAE5C42DA}.Debug|x86.Build.0 = Debug|x86
		{F7C576B1-CD10-471D-A61A-A83AAE5C42DA}.Release|Any CPU.ActiveCfg = Release|Any CPU
		{F7C576B1-CD10-471D-A61A-A83AAE5C42DA}.Release|Any CPU.Build.0 = Release|Any CPU
		{F7C576B1-CD10-471D-A61A-A83AAE5C42DA}.Release|x86.ActiveCfg = Release|x86
		{F7C576B1-CD10-471D-A61A-A83AAE5C42DA}.Release|x86.Build.0 = Release|x86
		{BF6E4FEE-67E4-4E9E-B8C0-CF06A4323CB9}.Debug|Any CPU.ActiveCfg = Debug|Any CPU
		{BF6E4FEE-67E4-4E9E-B8C0-CF06A4323CB9}.Debug|Any CPU.Build.0 = Debug|Any CPU
		{BF6E4FEE-67E4-4E9E-B8C0-CF06A4323CB9}.Debug|x86.ActiveCfg = Debug|Any CPU
		{BF6E4FEE-67E4-4E9E-B8C0-CF06A4323CB9}.Release|Any CPU.ActiveCfg = Release|Any CPU
		{BF6E4FEE-67E4-4E9E-B8C0-CF06A4323CB9}.Release|Any CPU.Build.0 = Release|Any CPU
		{BF6E4FEE-67E4-4E9E-B8C0-CF06A4323CB9}.Release|x86.ActiveCfg = Release|Any CPU
	EndGlobalSection
	GlobalSection(SolutionProperties) = preSolution
		HideSolutionNode = FALSE
	EndGlobalSection
EndGlobal
